
Microsoft Visual Studio Solution File, Format Version 12.00
# Visual Studio 15
Project("{FAE04EC0-301F-11D3-BF4B-00C04F79EFBC}") = "AdventOfCodeApi", "AdventOfCodeApi.csproj", "{D357F867-8AF2-46D5-9B7B-A3A3D651F954}"
EndProject
Global
	GlobalSection(SolutionConfigurationPlatforms) = preSolution
		Debug|Any CPU = Debug|Any CPU
		Release|Any CPU = Release|Any CPU
	EndGlobalSection
	GlobalSection(ProjectConfigurationPlatforms) = postSolution
		{D357F867-8AF2-46D5-9B7B-A3A3D651F954}.Debug|Any CPU.ActiveCfg = Debug|Any CPU
		{D357F867-8AF2-46D5-9B7B-A3A3D651F954}.Debug|Any CPU.Build.0 = Debug|Any CPU
		{D357F867-8AF2-46D5-9B7B-A3A3D651F954}.Release|Any CPU.ActiveCfg = Release|Any CPU
		{D357F867-8AF2-46D5-9B7B-A3A3D651F954}.Release|Any CPU.Build.0 = Release|Any CPU
	EndGlobalSection
EndGlobal
